<?xml version="1.0" encoding="utf-8"?>
<Project ToolsVersion="4.0" xmlns="http://schemas.microsoft.com/developer/msbuild/2003">
  <ItemGroup>
    <ClCompile Include="..\Library\Include\Packing.cpp">
      <Filter>Main</Filter>
    </ClCompile>
    <ClCompile Include="Server.cpp">
      <Filter>Main</Filter>
    </ClCompile>
  </ItemGroup>
  <ItemGroup>
    <Filter Include="Main">
      <UniqueIdentifier>{aab5702d-30f1-4eec-9ac6-10a3f19abe11}</UniqueIdentifier>
    </Filter>
  </ItemGroup>
  <ItemGroup>
    <ClInclude Include="..\Library\Include\Packing.h">
      <Filter>Main</Filter>
    </ClInclude>
  </ItemGroup>
</Project>