<?xml version="1.0" encoding="utf-8"?>
<Project ToolsVersion="4.0" xmlns="http://schemas.microsoft.com/developer/msbuild/2003">
  <ItemGroup>
    <Filter Include="Utils">
      <UniqueIdentifier>{3ce00676-3c5f-4f0e-b822-ddc8a606cf06}</UniqueIdentifier>
    </Filter>
    <Filter Include="Engine">
      <UniqueIdentifier>{965cda76-d93b-4e60-bad2-5def45ba3749}</UniqueIdentifier>
    </Filter>
    <Filter Include="Engine\Core">
      <UniqueIdentifier>{2e6eda2b-d975-468c-9855-594f298d512d}</UniqueIdentifier>
    </Filter>
    <Filter Include="Object">
      <UniqueIdentifier>{ace513ef-9399-445f-9273-1f63ef6ab749}</UniqueIdentifier>
    </Filter>
    <Filter Include="Object\Shape">
      <UniqueIdentifier>{09fda651-b27e-43a0-8406-644225b278c9}</UniqueIdentifier>
    </Filter>
    <Filter Include="Resources">
      <UniqueIdentifier>{cdf1bc7a-7e22-4c4a-b684-9b471d770d06}</UniqueIdentifier>
    </Filter>
    <Filter Include="Utils\Utils">
      <UniqueIdentifier>{6cfdb462-0291-46f4-bf33-0fb28fa10f66}</UniqueIdentifier>
    </Filter>
    <Filter Include="Utils\Reflection">
      <UniqueIdentifier>{de4ea3f9-eff5-42b0-8580-bb0f2accebe7}</UniqueIdentifier>
    </Filter>
    <Filter Include="Object\Group">
      <UniqueIdentifier>{7973c486-0a0f-4122-ae7f-b98fadaf6e0c}</UniqueIdentifier>
    </Filter>
  </ItemGroup>
  <ItemGroup>
    <ClInclude Include="Engine.h">
      <Filter>Engine</Filter>
    </ClInclude>
    <ClInclude Include="Timer.h">
      <Filter>Engine\Core</Filter>
    </ClInclude>
    <ClInclude Include="Input.h">
      <Filter>Engine\Core</Filter>
    </ClInclude>
    <ClInclude Include="Device.h">
      <Filter>Engine\Core</Filter>
    </ClInclude>
    <ClInclude Include="GameObject.h">
      <Filter>Object</Filter>
    </ClInclude>
    <ClInclude Include="Transform.h">
      <Filter>Object</Filter>
    </ClInclude>
    <ClInclude Include="Box.h">
      <Filter>Object\Shape</Filter>
    </ClInclude>
    <ClInclude Include="Sphere.h">
      <Filter>Object\Shape</Filter>
    </ClInclude>
    <ClInclude Include="Camera.h">
      <Filter>Object\Group</Filter>
    </ClInclude>
    <ClInclude Include="SceneManager.h">
      <Filter>Engine\Core</Filter>
    </ClInclude>
    <ClInclude Include="Scene.h">
      <Filter>Engine\Core</Filter>
    </ClInclude>
    <ClInclude Include="Light.h">
      <Filter>Object\Group</Filter>
    </ClInclude>
    <ClInclude Include="Torus.h">
      <Filter>Object\Shape</Filter>
    </ClInclude>
    <ClInclude Include="ResourcesManager.h">
      <Filter>Resources</Filter>
    </ClInclude>
    <ClInclude Include="EnginePch.h">
      <Filter>Utils\Utils</Filter>
    </ClInclude>
    <ClInclude Include="framework.h">
      <Filter>Utils\Utils</Filter>
    </ClInclude>
    <ClInclude Include="Macro.h">
      <Filter>Utils\Utils</Filter>
    </ClInclude>
    <ClInclude Include="pch.h">
      <Filter>Utils\Utils</Filter>
    </ClInclude>
    <ClInclude Include="type.h">
      <Filter>Utils\Utils</Filter>
    </ClInclude>
    <ClInclude Include="Utils.h">
      <Filter>Utils\Utils</Filter>
    </ClInclude>
    <ClInclude Include="TypeInfo.h">
      <Filter>Utils\Reflection</Filter>
    </ClInclude>
    <ClInclude Include="Method.h">
      <Filter>Utils\Reflection</Filter>
    </ClInclude>
    <ClInclude Include="DirectoryManager.h">
      <Filter>Engine\Core</Filter>
    </ClInclude>
    <ClInclude Include="StdPch.h">
      <Filter>Utils\Utils</Filter>
    </ClInclude>
    <ClInclude Include="Mesh.h">
      <Filter>Object</Filter>
    </ClInclude>
    <ClInclude Include="Vertex.h">
      <Filter>Utils\Utils</Filter>
    </ClInclude>
    <ClInclude Include="Quad.h">
      <Filter>Object\Shape</Filter>
    </ClInclude>
    <ClInclude Include="Triangle.h">
      <Filter>Object\Shape</Filter>
    </ClInclude>
    <ClInclude Include="Texture.h">
      <Filter>Resources</Filter>
    </ClInclude>
    <ClInclude Include="PathManager.h">
      <Filter>Engine\Core</Filter>
    </ClInclude>
    <ClInclude Include="CoreGlobal.h">
      <Filter>Utils\Utils</Filter>
    </ClInclude>
  </ItemGroup>
  <ItemGroup>
    <ClCompile Include="Engine.cpp">
      <Filter>Engine</Filter>
    </ClCompile>
    <ClCompile Include="Timer.cpp">
      <Filter>Engine\Core</Filter>
    </ClCompile>
    <ClCompile Include="Input.cpp">
      <Filter>Engine\Core</Filter>
    </ClCompile>
    <ClCompile Include="Device.cpp">
      <Filter>Engine\Core</Filter>
    </ClCompile>
    <ClCompile Include="GameObject.cpp">
      <Filter>Object</Filter>
    </ClCompile>
    <ClCompile Include="Transform.cpp">
      <Filter>Object</Filter>
    </ClCompile>
    <ClCompile Include="Box.cpp">
      <Filter>Object\Shape</Filter>
    </ClCompile>
    <ClCompile Include="Sphere.cpp">
      <Filter>Object\Shape</Filter>
    </ClCompile>
    <ClCompile Include="Camera.cpp">
      <Filter>Object\Group</Filter>
    </ClCompile>
    <ClCompile Include="SceneManager.cpp">
      <Filter>Engine\Core</Filter>
    </ClCompile>
    <ClCompile Include="Scene.cpp">
      <Filter>Engine\Core</Filter>
    </ClCompile>
    <ClCompile Include="Light.cpp">
      <Filter>Object\Group</Filter>
    </ClCompile>
    <ClCompile Include="Torus.cpp">
      <Filter>Object\Shape</Filter>
    </ClCompile>
    <ClCompile Include="ResourcesManager.cpp">
      <Filter>Resources</Filter>
    </ClCompile>
    <ClCompile Include="pch.cpp">
      <Filter>Utils\Utils</Filter>
    </ClCompile>
    <ClCompile Include="TypeInfo.cpp">
      <Filter>Utils\Reflection</Filter>
    </ClCompile>
    <ClCompile Include="Method.cpp">
      <Filter>Utils\Reflection</Filter>
    </ClCompile>
    <ClCompile Include="DirectoryManager.cpp">
      <Filter>Engine\Core</Filter>
    </ClCompile>
    <ClCompile Include="Mesh.cpp">
      <Filter>Object</Filter>
    </ClCompile>
    <ClCompile Include="Quad.cpp">
      <Filter>Object\Shape</Filter>
    </ClCompile>
    <ClCompile Include="Triangle.cpp">
      <Filter>Object\Shape</Filter>
    </ClCompile>
    <ClCompile Include="Texture.cpp">
      <Filter>Resources</Filter>
    </ClCompile>
    <ClCompile Include="PathManager.cpp">
      <Filter>Engine\Core</Filter>
    </ClCompile>
    <ClCompile Include="CoreGlobal.cpp">
      <Filter>Utils\Utils</Filter>
    </ClCompile>
  </ItemGroup>
</Project>